
Microsoft Visual Studio Solution File, Format Version 12.00
# Visual Studio 2013
VisualStudioVersion = 12.0.31101.0
MinimumVisualStudioVersion = 10.0.40219.1
Project("{8BC9CEB8-8B4A-11D0-8D11-00A0C91BC942}") = "MyAssembler", "MyAssembler\MyAssembler.vcxproj", "{34002DB4-F4BF-4E2E-817E-2FE2B1624FD3}"
EndProject
Global
	GlobalSection(SolutionConfigurationPlatforms) = preSolution
		Debug|Win32 = Debug|Win32
		Release|Win32 = Release|Win32
	EndGlobalSection
	GlobalSection(ProjectConfigurationPlatforms) = postSolution
		{34002DB4-F4BF-4E2E-817E-2FE2B1624FD3}.Debug|Win32.ActiveCfg = Debug|Win32
		{34002DB4-F4BF-4E2E-817E-2FE2B1624FD3}.Debug|Win32.Build.0 = Debug|Win32
		{34002DB4-F4BF-4E2E-817E-2FE2B1624FD3}.Release|Win32.ActiveCfg = Release|Win32
		{34002DB4-F4BF-4E2E-817E-2FE2B1624FD3}.Release|Win32.Build.0 = Release|Win32
	EndGlobalSection
	GlobalSection(SolutionProperties) = preSolution
		HideSolutionNode = FALSE
	EndGlobalSection
EndGlobal
